
Microsoft Visual Studio Solution File, Format Version 12.00
# Visual Studio 2012
Project("{8BC9CEB8-8B4A-11D0-8D11-00A0C91BC942}") = "2015-06-10", "2015-06-10\2015-06-10.vcxproj", "{90408564-3142-42DA-A26E-BF74C730C835}"
EndProject
Global
	GlobalSection(SolutionConfigurationPlatforms) = preSolution
		Debug|Win32 = Debug|Win32
		Release|Win32 = Release|Win32
	EndGlobalSection
	GlobalSection(ProjectConfigurationPlatforms) = postSolution
		{90408564-3142-42DA-A26E-BF74C730C835}.Debug|Win32.ActiveCfg = Debug|Win32
		{90408564-3142-42DA-A26E-BF74C730C835}.Debug|Win32.Build.0 = Debug|Win32
		{90408564-3142-42DA-A26E-BF74C730C835}.Release|Win32.ActiveCfg = Release|Win32
		{90408564-3142-42DA-A26E-BF74C730C835}.Release|Win32.Build.0 = Release|Win32
	EndGlobalSection
	GlobalSection(SolutionProperties) = preSolution
		HideSolutionNode = FALSE
	EndGlobalSection
EndGlobal
