
Microsoft Visual Studio Solution File, Format Version 12.00
# Visual Studio 2012
Project("{8BC9CEB8-8B4A-11D0-8D11-00A0C91BC942}") = "Programming Language", "Programming Language\Programming Language.vcxproj", "{30BCFA6F-C547-43B0-B892-D75E5F0F581A}"
EndProject
Global
	GlobalSection(SolutionConfigurationPlatforms) = preSolution
		Debug|Win32 = Debug|Win32
		Release|Win32 = Release|Win32
	EndGlobalSection
	GlobalSection(ProjectConfigurationPlatforms) = postSolution
		{30BCFA6F-C547-43B0-B892-D75E5F0F581A}.Debug|Win32.ActiveCfg = Debug|Win32
		{30BCFA6F-C547-43B0-B892-D75E5F0F581A}.Debug|Win32.Build.0 = Debug|Win32
		{30BCFA6F-C547-43B0-B892-D75E5F0F581A}.Release|Win32.ActiveCfg = Release|Win32
		{30BCFA6F-C547-43B0-B892-D75E5F0F581A}.Release|Win32.Build.0 = Release|Win32
	EndGlobalSection
	GlobalSection(SolutionProperties) = preSolution
		HideSolutionNode = FALSE
	EndGlobalSection
EndGlobal
