
Microsoft Visual Studio Solution File, Format Version 12.00
# Visual Studio 2012
Project("{8BC9CEB8-8B4A-11D0-8D11-00A0C91BC942}") = "opencv.c", "opencv.c\opencv.c.vcxproj", "{4485D51E-488B-4DE2-A06D-3208F62B4933}"
EndProject
Global
	GlobalSection(SolutionConfigurationPlatforms) = preSolution
		Debug|Win32 = Debug|Win32
		Release|Win32 = Release|Win32
	EndGlobalSection
	GlobalSection(ProjectConfigurationPlatforms) = postSolution
		{4485D51E-488B-4DE2-A06D-3208F62B4933}.Debug|Win32.ActiveCfg = Debug|Win32
		{4485D51E-488B-4DE2-A06D-3208F62B4933}.Debug|Win32.Build.0 = Debug|Win32
		{4485D51E-488B-4DE2-A06D-3208F62B4933}.Release|Win32.ActiveCfg = Release|Win32
		{4485D51E-488B-4DE2-A06D-3208F62B4933}.Release|Win32.Build.0 = Release|Win32
	EndGlobalSection
	GlobalSection(SolutionProperties) = preSolution
		HideSolutionNode = FALSE
	EndGlobalSection
EndGlobal
