
Microsoft Visual Studio Solution File, Format Version 12.00
# Visual Studio 2012
Project("{8BC9CEB8-8B4A-11D0-8D11-00A0C91BC942}") = "Assembly_line", "Assembly_line\Assembly_line.vcxproj", "{944E1AE4-0101-46D9-B45D-04A35CF0D62E}"
EndProject
Global
	GlobalSection(SolutionConfigurationPlatforms) = preSolution
		Debug|Win32 = Debug|Win32
		Release|Win32 = Release|Win32
	EndGlobalSection
	GlobalSection(ProjectConfigurationPlatforms) = postSolution
		{944E1AE4-0101-46D9-B45D-04A35CF0D62E}.Debug|Win32.ActiveCfg = Debug|Win32
		{944E1AE4-0101-46D9-B45D-04A35CF0D62E}.Debug|Win32.Build.0 = Debug|Win32
		{944E1AE4-0101-46D9-B45D-04A35CF0D62E}.Release|Win32.ActiveCfg = Release|Win32
		{944E1AE4-0101-46D9-B45D-04A35CF0D62E}.Release|Win32.Build.0 = Release|Win32
	EndGlobalSection
	GlobalSection(SolutionProperties) = preSolution
		HideSolutionNode = FALSE
	EndGlobalSection
EndGlobal
